
Microsoft Visual Studio Solution File, Format Version 12.00
# Visual Studio Version 16
VisualStudioVersion = 16.0.33130.400
MinimumVisualStudioVersion = 10.0.40219.1
Project("{FAE04EC0-301F-11D3-BF4B-00C04F79EFBC}") = "FoliosApp", "FoliosApp.csproj", "{51D6CDCA-7737-436A-808F-1677CACC7FEF}"
EndProject
Global
	GlobalSection(SolutionConfigurationPlatforms) = preSolution
		Debug|Any CPU = Debug|Any CPU
		Release|Any CPU = Release|Any CPU
	EndGlobalSection
	GlobalSection(ProjectConfigurationPlatforms) = postSolution
		{51D6CDCA-7737-436A-808F-1677CACC7FEF}.Debug|Any CPU.ActiveCfg = Debug|Any CPU
		{51D6CDCA-7737-436A-808F-1677CACC7FEF}.Debug|Any CPU.Build.0 = Debug|Any CPU
		{51D6CDCA-7737-436A-808F-1677CACC7FEF}.Release|Any CPU.ActiveCfg = Release|Any CPU
		{51D6CDCA-7737-436A-808F-1677CACC7FEF}.Release|Any CPU.Build.0 = Release|Any CPU
	EndGlobalSection
	GlobalSection(SolutionProperties) = preSolution
		HideSolutionNode = FALSE
	EndGlobalSection
	GlobalSection(ExtensibilityGlobals) = postSolution
		SolutionGuid = {C06634F0-EDEF-485E-943F-077451163F77}
	EndGlobalSection
EndGlobal
